[[package]]
name = "bk7231tools"
version = "1.1.9"
description = "Tools to interact with and analyze artifacts for BK7231 MCUs"
category = "main"
optional = false
python-versions = ">=3.7,<4.0"

[package.dependencies]
pycryptodomex = ">=3.16.0,<4.0.0"
pyserial = ">=3.5,<4.0"

[[package]]
name = "capstone"
version = "4.0.2"
description = "Capstone disassembly engine"
category = "main"
optional = false
python-versions = ">=2.7, !=3.0.*, !=3.1.*, !=3.2.*, !=3.3.*"

[[package]]
name = "pycryptodomex"
version = "3.16.0"
description = "Cryptographic library for Python"
category = "main"
optional = false
python-versions = ">=2.7, !=3.0.*, !=3.1.*, !=3.2.*, !=3.3.*, !=3.4.*"

[[package]]
name = "pyserial"
version = "3.5"
description = "Python Serial Port Extension"
category = "main"
optional = false
python-versions = "*"

[package.extras]
cp2110 = ["hidapi"]

[[package]]
name = "sslpsk2"
version = "1.0.2"
description = "Adds TLS-PSK support to the Python ssl package"
category = "main"
optional = false
python-versions = "*"

[metadata]
lock-version = "1.1"
python-versions = ">=3.7,<4.0"
content-hash = "5ba74b3fabc4b9f9288d415b2e4922f1bf955ce4264c0969e8c6303e16be68ea"

[metadata.files]
bk7231tools = [
    {file = "bk7231tools-1.1.9-py3-none-any.whl", hash = "sha256:ca666e703b15bebb6126f30abb96235f692cc3b1b37546a7640dd3392087df13"},
    {file = "bk7231tools-1.1.9.tar.gz", hash = "sha256:02c8cdc8a7c5af21a5b4ed62db94dd8586f06bc09ef651b81067968841344b5c"},
]
capstone = [
    {file = "capstone-4.0.2-py2.py3-none-manylinux1_i686.whl", hash = "sha256:da442f979414cf27e4621e70e835880878c858ea438c4f0e957e132593579e37"},
    {file = "capstone-4.0.2-py2.py3-none-manylinux1_x86_64.whl", hash = "sha256:9d1a9096c5f875b11290317722ed44bb6e7c52e50cc79d791f142bce968c49aa"},
    {file = "capstone-4.0.2-py2.py3-none-win32.whl", hash = "sha256:c3d9b443d1adb40ee2d9a4e7341169b76476ddcf3a54c03793b16cdc7cd35c5a"},
    {file = "capstone-4.0.2-py2.py3-none-win_amd64.whl", hash = "sha256:0d65ffe8620920976ceadedc769f22318f6f150a592368d8a735612367ac8a1a"},
    {file = "capstone-4.0.2.tar.gz", hash = "sha256:2842913092c9b69fd903744bc1b87488e1451625460baac173056e1808ec1c66"},
]
pycryptodomex = [
    {file = "pycryptodomex-3.16.0-cp27-cp27m-macosx_10_9_x86_64.whl", hash = "sha256:b3d04c00d777c36972b539fb79958790126847d84ec0129fce1efef250bfe3ce"},
    {file = "pycryptodomex-3.16.0-cp27-cp27m-manylinux2010_i686.whl", hash = "sha256:e5a670919076b71522c7d567a9043f66f14b202414a63c3a078b5831ae342c03"},
    {file = "pycryptodomex-3.16.0-cp27-cp27m-manylinux2010_x86_64.whl", hash = "sha256:ce338a9703f54b2305a408fc9890eb966b727ce72b69f225898bb4e9d9ed3f1f"},
    {file = "pycryptodomex-3.16.0-cp27-cp27m-manylinux2014_aarch64.whl", hash = "sha256:a1c0ae7123448ecb034c75c713189cb00ebe2d415b11682865b6c54d200d9c93"},
    {file = "pycryptodomex-3.16.0-cp27-cp27m-win32.whl", hash = "sha256:8851585ff19871e5d69e1790f4ca5f6fd1699d6b8b14413b472a4c0dbc7ea780"},
    {file = "pycryptodomex-3.16.0-cp27-cp27m-win_amd64.whl", hash = "sha256:8dd2d9e3c617d0712ed781a77efd84ea579e76c5f9b2a4bc0b684ebeddf868b2"},
    {file = "pycryptodomex-3.16.0-cp27-cp27mu-manylinux2010_i686.whl", hash = "sha256:2ad9bb86b355b6104796567dd44c215b3dc953ef2fae5e0bdfb8516731df92cf"},
    {file = "pycryptodomex-3.16.0-cp27-cp27mu-manylinux2010_x86_64.whl", hash = "sha256:e25a2f5667d91795f9417cb856f6df724ccdb0cdd5cbadb212ee9bf43946e9f8"},
    {file = "pycryptodomex-3.16.0-cp27-cp27mu-manylinux2014_aarch64.whl", hash = "sha256:b0789a8490114a2936ed77c87792cfe77582c829cb43a6d86ede0f9624ba8aa3"},
    {file = "pycryptodomex-3.16.0-cp35-abi3-macosx_10_9_x86_64.whl", hash = "sha256:0da835af786fdd1c9930994c78b23e88d816dc3f99aa977284a21bbc26d19735"},
    {file = "pycryptodomex-3.16.0-cp35-abi3-manylinux2014_aarch64.whl", hash = "sha256:22aed0868622d95179217c298e37ed7410025c7b29dac236d3230617d1e4ed56"},
    {file = "pycryptodomex-3.16.0-cp35-abi3-manylinux_2_5_i686.manylinux1_i686.manylinux_2_12_i686.manylinux2010_i686.whl", hash = "sha256:1619087fb5b31510b0b0b058a54f001a5ffd91e6ffee220d9913064519c6a69d"},
    {file = "pycryptodomex-3.16.0-cp35-abi3-manylinux_2_5_x86_64.manylinux1_x86_64.manylinux_2_12_x86_64.manylinux2010_x86_64.whl", hash = "sha256:70288d9bfe16b2fd0d20b6c365db614428f1bcde7b20d56e74cf88ade905d9eb"},
    {file = "pycryptodomex-3.16.0-cp35-abi3-musllinux_1_1_aarch64.whl", hash = "sha256:7993d26dae4d83b8f4ce605bb0aecb8bee330bb3c95475ef06f3694403621e71"},
    {file = "pycryptodomex-3.16.0-cp35-abi3-musllinux_1_1_i686.whl", hash = "sha256:1cda60207be8c1cf0b84b9138f9e3ca29335013d2b690774a5e94678ff29659a"},
    {file = "pycryptodomex-3.16.0-cp35-abi3-musllinux_1_1_x86_64.whl", hash = "sha256:04610536921c1ec7adba158ef570348550c9f3a40bc24be9f8da2ef7ab387981"},
    {file = "pycryptodomex-3.16.0-cp35-abi3-win32.whl", hash = "sha256:daa67f5ebb6fbf1ee9c90decaa06ca7fc88a548864e5e484d52b0920a57fe8a5"},
    {file = "pycryptodomex-3.16.0-cp35-abi3-win_amd64.whl", hash = "sha256:231dc8008cbdd1ae0e34645d4523da2dbc7a88c325f0d4a59635a86ee25b41dd"},
    {file = "pycryptodomex-3.16.0-pp27-pypy_73-macosx_10_9_x86_64.whl", hash = "sha256:4dbbe18cc232b5980c7633972ae5417d0df76fe89e7db246eefd17ef4d8e6d7a"},
    {file = "pycryptodomex-3.16.0-pp27-pypy_73-manylinux2010_x86_64.whl", hash = "sha256:893f8a97d533c66cc3a56e60dd3ed40a3494ddb4aafa7e026429a08772f8a849"},
    {file = "pycryptodomex-3.16.0-pp27-pypy_73-win32.whl", hash = "sha256:6a465e4f856d2a4f2a311807030c89166529ccf7ccc65bef398de045d49144b6"},
    {file = "pycryptodomex-3.16.0-pp37-pypy37_pp73-macosx_10_9_x86_64.whl", hash = "sha256:ba57ac7861fd2c837cdb33daf822f2a052ff57dd769a2107807f52a36d0e8d38"},
    {file = "pycryptodomex-3.16.0-pp37-pypy37_pp73-manylinux_2_5_i686.manylinux1_i686.manylinux_2_12_i686.manylinux2010_i686.whl", hash = "sha256:f2b971a7b877348a27dcfd0e772a0343fb818df00b74078e91c008632284137d"},
    {file = "pycryptodomex-3.16.0-pp37-pypy37_pp73-manylinux_2_5_x86_64.manylinux1_x86_64.manylinux_2_12_x86_64.manylinux2010_x86_64.whl", hash = "sha256:e2453162f473c1eae4826eb10cd7bce19b5facac86d17fb5f29a570fde145abd"},
    {file = "pycryptodomex-3.16.0-pp37-pypy37_pp73-win_amd64.whl", hash = "sha256:0ba28aa97cdd3ff5ed1a4f2b7f5cd04e721166bd75bd2b929e2734433882b583"},
    {file = "pycryptodomex-3.16.0.tar.gz", hash = "sha256:e9ba9d8ed638733c9e95664470b71d624a6def149e2db6cc52c1aca5a6a2df1d"},
]
pyserial = [
    {file = "pyserial-3.5-py2.py3-none-any.whl", hash = "sha256:c4451db6ba391ca6ca299fb3ec7bae67a5c55dde170964c7a14ceefec02f2cf0"},
    {file = "pyserial-3.5.tar.gz", hash = "sha256:3c77e014170dfffbd816e6ffc205e9842efb10be9f58ec16d3e8675b4925cddb"},
]
sslpsk2 = [
    {file = "sslpsk2-1.0.2-cp310-cp310-win_amd64.whl", hash = "sha256:c1c30f6b095bf4d98c832358a20ba8c0279dd757542eaac05a5223c01c6d5e42"},
    {file = "sslpsk2-1.0.2.tar.gz", hash = "sha256:8498d7625389f21fa1d1ab9fa68a5a44860a66b3ef50534e70d19f3ca8a510cd"},
]
