# This file is automatically @generated by Poetry 1.7.1 and should not be changed by hand.

[[package]]
name = "bk7231tools"
version = "1.5.1"
description = "Tools to interact with and analyze artifacts for BK7231 MCUs"
optional = false
python-versions = ">=3.7,<4.0"
files = [
    {file = "bk7231tools-1.5.1-py3-none-any.whl", hash = "sha256:5e518c707c7c013036f7bca9dc7f180291010fa3d349312964816572e6c0d9f1"},
    {file = "bk7231tools-1.5.1.tar.gz", hash = "sha256:11301b24c75a8087dba24478a82d703548c85c77ede239de0211d38698be28fb"},
]

[package.dependencies]
py-datastruct = ">=1.0.0,<2.0.0"
pycryptodome = {version = ">=3.16.0,<4.0.0", optional = true, markers = "extra == \"cli\""}
pyserial = ">=3.5,<4.0"

[package.extras]
cli = ["pycryptodome (>=3.16.0,<4.0.0)"]

[[package]]
name = "py-datastruct"
version = "1.0.0"
description = "Combination of struct and dataclasses for easy parsing of binary formats"
optional = false
python-versions = ">=3.7,<4.0"
files = [
    {file = "py_datastruct-1.0.0-py3-none-any.whl", hash = "sha256:4fb426956da3758f174054266cb100fb4d43907cf741b9890800aba4d6de8498"},
    {file = "py_datastruct-1.0.0.tar.gz", hash = "sha256:b606e6c2b83e8bb463ab42c375d01ff457cc2552b4326cd74897e7f3b96f1b6b"},
]

[[package]]
name = "pycryptodome"
version = "3.19.0"
description = "Cryptographic library for Python"
optional = false
python-versions = ">=2.7, !=3.0.*, !=3.1.*, !=3.2.*, !=3.3.*, !=3.4.*"
files = [
    {file = "pycryptodome-3.19.0-cp27-cp27m-macosx_10_9_x86_64.whl", hash = "sha256:3006c44c4946583b6de24fe0632091c2653d6256b99a02a3db71ca06472ea1e4"},
    {file = "pycryptodome-3.19.0-cp27-cp27m-manylinux2010_i686.whl", hash = "sha256:7c760c8a0479a4042111a8dd2f067d3ae4573da286c53f13cf6f5c53a5c1f631"},
    {file = "pycryptodome-3.19.0-cp27-cp27m-manylinux2010_x86_64.whl", hash = "sha256:08ce3558af5106c632baf6d331d261f02367a6bc3733086ae43c0f988fe042db"},
    {file = "pycryptodome-3.19.0-cp27-cp27m-manylinux_2_17_aarch64.manylinux2014_aarch64.whl", hash = "sha256:45430dfaf1f421cf462c0dd824984378bef32b22669f2635cb809357dbaab405"},
    {file = "pycryptodome-3.19.0-cp27-cp27m-musllinux_1_1_aarch64.whl", hash = "sha256:a9bcd5f3794879e91970f2bbd7d899780541d3ff439d8f2112441769c9f2ccea"},
    {file = "pycryptodome-3.19.0-cp27-cp27m-win32.whl", hash = "sha256:190c53f51e988dceb60472baddce3f289fa52b0ec38fbe5fd20dd1d0f795c551"},
    {file = "pycryptodome-3.19.0-cp27-cp27m-win_amd64.whl", hash = "sha256:22e0ae7c3a7f87dcdcf302db06ab76f20e83f09a6993c160b248d58274473bfa"},
    {file = "pycryptodome-3.19.0-cp27-cp27mu-manylinux2010_i686.whl", hash = "sha256:7822f36d683f9ad7bc2145b2c2045014afdbbd1d9922a6d4ce1cbd6add79a01e"},
    {file = "pycryptodome-3.19.0-cp27-cp27mu-manylinux2010_x86_64.whl", hash = "sha256:05e33267394aad6db6595c0ce9d427fe21552f5425e116a925455e099fdf759a"},
    {file = "pycryptodome-3.19.0-cp27-cp27mu-manylinux_2_17_aarch64.manylinux2014_aarch64.whl", hash = "sha256:829b813b8ee00d9c8aba417621b94bc0b5efd18c928923802ad5ba4cf1ec709c"},
    {file = "pycryptodome-3.19.0-cp27-cp27mu-musllinux_1_1_aarch64.whl", hash = "sha256:fc7a79590e2b5d08530175823a242de6790abc73638cc6dc9d2684e7be2f5e49"},
    {file = "pycryptodome-3.19.0-cp35-abi3-macosx_10_9_universal2.whl", hash = "sha256:542f99d5026ac5f0ef391ba0602f3d11beef8e65aae135fa5b762f5ebd9d3bfb"},
    {file = "pycryptodome-3.19.0-cp35-abi3-macosx_10_9_x86_64.whl", hash = "sha256:61bb3ccbf4bf32ad9af32da8badc24e888ae5231c617947e0f5401077f8b091f"},
    {file = "pycryptodome-3.19.0-cp35-abi3-manylinux_2_17_aarch64.manylinux2014_aarch64.whl", hash = "sha256:d49a6c715d8cceffedabb6adb7e0cbf41ae1a2ff4adaeec9432074a80627dea1"},
    {file = "pycryptodome-3.19.0-cp35-abi3-manylinux_2_17_x86_64.manylinux2014_x86_64.whl", hash = "sha256:e249a784cc98a29c77cea9df54284a44b40cafbfae57636dd2f8775b48af2434"},
    {file = "pycryptodome-3.19.0-cp35-abi3-manylinux_2_5_i686.manylinux1_i686.manylinux_2_17_i686.manylinux2014_i686.whl", hash = "sha256:d033947e7fd3e2ba9a031cb2d267251620964705a013c5a461fa5233cc025270"},
    {file = "pycryptodome-3.19.0-cp35-abi3-musllinux_1_1_aarch64.whl", hash = "sha256:84c3e4fffad0c4988aef0d5591be3cad4e10aa7db264c65fadbc633318d20bde"},
    {file = "pycryptodome-3.19.0-cp35-abi3-musllinux_1_1_i686.whl", hash = "sha256:139ae2c6161b9dd5d829c9645d781509a810ef50ea8b657e2257c25ca20efe33"},
    {file = "pycryptodome-3.19.0-cp35-abi3-musllinux_1_1_x86_64.whl", hash = "sha256:5b1986c761258a5b4332a7f94a83f631c1ffca8747d75ab8395bf2e1b93283d9"},
    {file = "pycryptodome-3.19.0-cp35-abi3-win32.whl", hash = "sha256:536f676963662603f1f2e6ab01080c54d8cd20f34ec333dcb195306fa7826997"},
    {file = "pycryptodome-3.19.0-cp35-abi3-win_amd64.whl", hash = "sha256:04dd31d3b33a6b22ac4d432b3274588917dcf850cc0c51c84eca1d8ed6933810"},
    {file = "pycryptodome-3.19.0-pp27-pypy_73-manylinux2010_x86_64.whl", hash = "sha256:8999316e57abcbd8085c91bc0ef75292c8618f41ca6d2b6132250a863a77d1e7"},
    {file = "pycryptodome-3.19.0-pp27-pypy_73-win32.whl", hash = "sha256:a0ab84755f4539db086db9ba9e9f3868d2e3610a3948cbd2a55e332ad83b01b0"},
    {file = "pycryptodome-3.19.0-pp310-pypy310_pp73-macosx_10_9_x86_64.whl", hash = "sha256:0101f647d11a1aae5a8ce4f5fad6644ae1b22bb65d05accc7d322943c69a74a6"},
    {file = "pycryptodome-3.19.0-pp310-pypy310_pp73-manylinux_2_17_x86_64.manylinux2014_x86_64.whl", hash = "sha256:8c1601e04d32087591d78e0b81e1e520e57a92796089864b20e5f18c9564b3fa"},
    {file = "pycryptodome-3.19.0-pp310-pypy310_pp73-manylinux_2_5_i686.manylinux1_i686.manylinux_2_17_i686.manylinux2014_i686.whl", hash = "sha256:506c686a1eee6c00df70010be3b8e9e78f406af4f21b23162bbb6e9bdf5427bc"},
    {file = "pycryptodome-3.19.0-pp310-pypy310_pp73-win_amd64.whl", hash = "sha256:7919ccd096584b911f2a303c593280869ce1af9bf5d36214511f5e5a1bed8c34"},
    {file = "pycryptodome-3.19.0-pp39-pypy39_pp73-macosx_10_9_x86_64.whl", hash = "sha256:560591c0777f74a5da86718f70dfc8d781734cf559773b64072bbdda44b3fc3e"},
    {file = "pycryptodome-3.19.0-pp39-pypy39_pp73-manylinux_2_17_x86_64.manylinux2014_x86_64.whl", hash = "sha256:c1cc2f2ae451a676def1a73c1ae9120cd31af25db3f381893d45f75e77be2400"},
    {file = "pycryptodome-3.19.0-pp39-pypy39_pp73-manylinux_2_5_i686.manylinux1_i686.manylinux_2_17_i686.manylinux2014_i686.whl", hash = "sha256:17940dcf274fcae4a54ec6117a9ecfe52907ed5e2e438fe712fe7ca502672ed5"},
    {file = "pycryptodome-3.19.0-pp39-pypy39_pp73-win_amd64.whl", hash = "sha256:d04f5f623a280fbd0ab1c1d8ecbd753193ab7154f09b6161b0f857a1a676c15f"},
    {file = "pycryptodome-3.19.0.tar.gz", hash = "sha256:bc35d463222cdb4dbebd35e0784155c81e161b9284e567e7e933d722e533331e"},
]

[[package]]
name = "pyserial"
version = "3.5"
description = "Python Serial Port Extension"
optional = false
python-versions = "*"
files = [
    {file = "pyserial-3.5-py2.py3-none-any.whl", hash = "sha256:c4451db6ba391ca6ca299fb3ec7bae67a5c55dde170964c7a14ceefec02f2cf0"},
    {file = "pyserial-3.5.tar.gz", hash = "sha256:3c77e014170dfffbd816e6ffc205e9842efb10be9f58ec16d3e8675b4925cddb"},
]

[package.extras]
cp2110 = ["hidapi"]

[[package]]
name = "sslpsk3"
version = "1.1.1"
description = "Adds TLS-PSK support to the Python ssl package"
optional = false
python-versions = ">=3.8,<4.0"
files = [
    {file = "sslpsk3-1.1.1-cp310-cp310-win_amd64.whl", hash = "sha256:5f71bf6a7b79e6af20ed2440bfe8fd6710b99f6d1dc5e72752ab5d3b90645d15"},
    {file = "sslpsk3-1.1.1-cp311-cp311-win_amd64.whl", hash = "sha256:bf185ff3520ca03950063a2ad5a0f17965bdddc5e67963448b60e2861ddd5e8e"},
    {file = "sslpsk3-1.1.1-cp312-cp312-win_amd64.whl", hash = "sha256:8b95fc2ab8c0113f49d30a7b67c02508fb94b7db8e7d2dbc787fa7861ef48e69"},
    {file = "sslpsk3-1.1.1-cp38-cp38-win_amd64.whl", hash = "sha256:2ef7b2aa6fa28da3f37bbd0cae4737d7881f2f127e87728744799ff9737e2a28"},
    {file = "sslpsk3-1.1.1-cp39-cp39-win_amd64.whl", hash = "sha256:dae5dbda3690748d055a3fb9bcc5ceacc983e4c4fd2031a352464f78a3ce2ad6"},
    {file = "sslpsk3-1.1.1.tar.gz", hash = "sha256:7839fbfc82b4069819d9b29f4e9eab772b68c109e4cb705dc2f2ce992ce54afe"},
]

[metadata]
lock-version = "2.0"
python-versions = ">=3.8,<4.0"
content-hash = "618fff043d991d834f87d17c6401f7e0bc2e5d8dcb4ff5cb47420830c3fe3a58"
