[[package]]
name = "pycryptodome"
version = "3.16.0"
description = "Cryptographic library for Python"
category = "main"
optional = false
python-versions = ">=2.7, !=3.0.*, !=3.1.*, !=3.2.*, !=3.3.*, !=3.4.*"

[[package]]
name = "tornado"
version = "6.2"
description = "Tornado is a Python web framework and asynchronous networking library, originally developed at FriendFeed."
category = "main"
optional = false
python-versions = ">= 3.7"

[metadata]
lock-version = "1.1"
python-versions = "^3.10"
content-hash = "582eeabcf16f69953e67c8cac04ccdb65bd9333eafb5a2b2db1ee3e236fc37c6"

[metadata.files]
pycryptodome = [
    {file = "pycryptodome-3.16.0-cp27-cp27m-macosx_10_9_x86_64.whl", hash = "sha256:e061311b02cefb17ea93d4a5eb1ad36dca4792037078b43e15a653a0a4478ead"},
    {file = "pycryptodome-3.16.0-cp27-cp27m-manylinux2010_i686.whl", hash = "sha256:dab9359cc295160ba96738ba4912c675181c84bfdf413e5c0621cf00b7deeeaa"},
    {file = "pycryptodome-3.16.0-cp27-cp27m-manylinux2010_x86_64.whl", hash = "sha256:0198fe96c22f7bc31e7a7c27a26b2cec5af3cf6075d577295f4850856c77af32"},
    {file = "pycryptodome-3.16.0-cp27-cp27m-manylinux2014_aarch64.whl", hash = "sha256:58172080cbfaee724067a3c017add6a1a3cc167bbc8478dc5f2e5f45fa658763"},
    {file = "pycryptodome-3.16.0-cp27-cp27m-win32.whl", hash = "sha256:4d950ed2a887905b3fa709b86be5a163e26e1b174703ed59d34eb6832f213222"},
    {file = "pycryptodome-3.16.0-cp27-cp27m-win_amd64.whl", hash = "sha256:c69e19afc734b2a17b9d78b7bcb544aabd5a52ff628e14283b6e9404d27d0517"},
    {file = "pycryptodome-3.16.0-cp27-cp27mu-manylinux2010_i686.whl", hash = "sha256:1fc16c80a5da8231fd1f953a7b8dfeb415f68120248e8d68383c5c2c4b18708c"},
    {file = "pycryptodome-3.16.0-cp27-cp27mu-manylinux2010_x86_64.whl", hash = "sha256:5df582f2112dd72331de7e567837e136a9629181a8ab69ef8949e4bc294a0b99"},
    {file = "pycryptodome-3.16.0-cp27-cp27mu-manylinux2014_aarch64.whl", hash = "sha256:2bf2a270906a02b7b255e1a0d7b3aea4f06b3983c51ddec1673c380e0dff5b30"},
    {file = "pycryptodome-3.16.0-cp35-abi3-macosx_10_9_x86_64.whl", hash = "sha256:b12a88566a98617b1a34b4e5a805dff2da98d83fc74262aff3c3d724d0f525d6"},
    {file = "pycryptodome-3.16.0-cp35-abi3-manylinux2014_aarch64.whl", hash = "sha256:69adf32522b75968e1cbf25b5d83e87c04cd9a55610ce1e4a19012e58e7e4023"},
    {file = "pycryptodome-3.16.0-cp35-abi3-manylinux_2_5_i686.manylinux1_i686.manylinux_2_12_i686.manylinux2010_i686.whl", hash = "sha256:d67a2d2fe344953e4572a7d30668cceb516b04287b8638170d562065e53ee2e0"},
    {file = "pycryptodome-3.16.0-cp35-abi3-manylinux_2_5_x86_64.manylinux1_x86_64.manylinux_2_12_x86_64.manylinux2010_x86_64.whl", hash = "sha256:e750a21d8a265b1f9bfb1a28822995ea33511ba7db5e2b55f41fb30781d0d073"},
    {file = "pycryptodome-3.16.0-cp35-abi3-musllinux_1_1_aarch64.whl", hash = "sha256:47c71a0347847b747ba1349767b16cde049bc36f21654eb09cc82306ef5fdcf8"},
    {file = "pycryptodome-3.16.0-cp35-abi3-musllinux_1_1_i686.whl", hash = "sha256:856ebf822d08d754af62c22e2b93626509a72773214f92db1551e2b68d9e2a1b"},
    {file = "pycryptodome-3.16.0-cp35-abi3-musllinux_1_1_x86_64.whl", hash = "sha256:6016269bb56caf0327f6d42e7bad1247e08b78407446dff562240c65f85d5a5e"},
    {file = "pycryptodome-3.16.0-cp35-abi3-win32.whl", hash = "sha256:1047ac2b9847ae84ea454e6e20db7dcb755a81c1b1631a879213d2b0ad835ff2"},
    {file = "pycryptodome-3.16.0-cp35-abi3-win_amd64.whl", hash = "sha256:13b3e610a2f8938c61a90b20625069ab7a77ccea20d65a9a0f926cc0cc1314b1"},
    {file = "pycryptodome-3.16.0-pp27-pypy_73-macosx_10_9_x86_64.whl", hash = "sha256:265bfcbbf20d58e6871ce695a7a08aac9b41a0553060d9c05363abd6f3391bdd"},
    {file = "pycryptodome-3.16.0-pp27-pypy_73-manylinux2010_x86_64.whl", hash = "sha256:54d807314c66785c69cd25425933d4bd4c23547a593cdcf49d962fa3e0081336"},
    {file = "pycryptodome-3.16.0-pp27-pypy_73-win32.whl", hash = "sha256:63165fbdc247450017eb9ef04cfe15cb3a72ca48ffcc3a3b75b08c0340bf3647"},
    {file = "pycryptodome-3.16.0-pp37-pypy37_pp73-macosx_10_9_x86_64.whl", hash = "sha256:95069fd9e2813668a2713a1efcc65cc26d2c7e741401ac46628f1ec957511f1b"},
    {file = "pycryptodome-3.16.0-pp37-pypy37_pp73-manylinux_2_5_i686.manylinux1_i686.manylinux_2_12_i686.manylinux2010_i686.whl", hash = "sha256:d1daec4d31bb00918e4e178297ac6ca6f86ec4c851ba584770533ece554d29e2"},
    {file = "pycryptodome-3.16.0-pp37-pypy37_pp73-manylinux_2_5_x86_64.manylinux1_x86_64.manylinux_2_12_x86_64.manylinux2010_x86_64.whl", hash = "sha256:48d99869d58f3979d72f6fa0c50f48d16f14973bc4a3adb0ce3b8325fdd7e223"},
    {file = "pycryptodome-3.16.0-pp37-pypy37_pp73-win_amd64.whl", hash = "sha256:c82e3bc1e70dde153b0956bffe20a15715a1fe3e00bc23e88d6973eda4505944"},
    {file = "pycryptodome-3.16.0.tar.gz", hash = "sha256:0e45d2d852a66ecfb904f090c3f87dc0dfb89a499570abad8590f10d9cffb350"},
]
tornado = [
    {file = "tornado-6.2-cp37-abi3-macosx_10_9_universal2.whl", hash = "sha256:20f638fd8cc85f3cbae3c732326e96addff0a15e22d80f049e00121651e82e72"},
    {file = "tornado-6.2-cp37-abi3-macosx_10_9_x86_64.whl", hash = "sha256:87dcafae3e884462f90c90ecc200defe5e580a7fbbb4365eda7c7c1eb809ebc9"},
    {file = "tornado-6.2-cp37-abi3-manylinux_2_17_aarch64.manylinux2014_aarch64.whl", hash = "sha256:ba09ef14ca9893954244fd872798b4ccb2367c165946ce2dd7376aebdde8e3ac"},
    {file = "tornado-6.2-cp37-abi3-manylinux_2_5_i686.manylinux1_i686.manylinux_2_17_i686.manylinux2014_i686.whl", hash = "sha256:b8150f721c101abdef99073bf66d3903e292d851bee51910839831caba341a75"},
    {file = "tornado-6.2-cp37-abi3-manylinux_2_5_x86_64.manylinux1_x86_64.manylinux_2_17_x86_64.manylinux2014_x86_64.whl", hash = "sha256:d3a2f5999215a3a06a4fc218026cd84c61b8b2b40ac5296a6db1f1451ef04c1e"},
    {file = "tornado-6.2-cp37-abi3-musllinux_1_1_aarch64.whl", hash = "sha256:5f8c52d219d4995388119af7ccaa0bcec289535747620116a58d830e7c25d8a8"},
    {file = "tornado-6.2-cp37-abi3-musllinux_1_1_i686.whl", hash = "sha256:6fdfabffd8dfcb6cf887428849d30cf19a3ea34c2c248461e1f7d718ad30b66b"},
    {file = "tornado-6.2-cp37-abi3-musllinux_1_1_x86_64.whl", hash = "sha256:1d54d13ab8414ed44de07efecb97d4ef7c39f7438cf5e976ccd356bebb1b5fca"},
    {file = "tornado-6.2-cp37-abi3-win32.whl", hash = "sha256:5c87076709343557ef8032934ce5f637dbb552efa7b21d08e89ae7619ed0eb23"},
    {file = "tornado-6.2-cp37-abi3-win_amd64.whl", hash = "sha256:e5f923aa6a47e133d1cf87d60700889d7eae68988704e20c75fb2d65677a8e4b"},
    {file = "tornado-6.2.tar.gz", hash = "sha256:9b630419bde84ec666bfd7ea0a4cb2a8a651c2d5cccdbdd1972a0c859dfc3c13"},
]
