{
    "_meta": {
        "hash": {
            "sha256": "83173a3516ee128e0b5fd88bfae79acd3d7b1cfd70cf66a071c389e33bdaaf7c"
        },
        "pipfile-spec": 6,
        "requires": {
            "python_version": "3"
        },
        "sources": [
            {
                "name": "pypi",
                "url": "https://pypi.org/simple",
                "verify_ssl": true
            }
        ]
    },
    "default": {
        "bitstruct": {
            "hashes": [
                "sha256:01402fbc3dba2286b3ac9b74d5936dd984736f928aacd371458a4b0cf95f0755",
                "sha256:01bdfc3adbe15b05ba27ab6dce7959caa29a000f066201944b29c64bb8888f03",
                "sha256:0e2fb23b5973ce1e9f349c4dc90873eeff9800fe917ffd345f39b9b964f6d119",
                "sha256:1300cd635814e40b1f4105aa4f404cb5d1b8cc54e06e267ba1616725f9c2beea",
                "sha256:14c3ebdec92c486142327d934cb451d96b411543ec6f72aeb2b4b4334e9408bf",
                "sha256:1c4d9b75248adee84e7e6c95bf95966f152b78363cb20a81920da2aeadc4375f",
                "sha256:2bb49acc2ccc6efd3c9613cae8f7e1316c92f832bff860a6fcb78a4275974e90",
                "sha256:2c5eda42d55db67072c6cf7cc79b1df1074269004bad119b79e4ad38cfa61877",
                "sha256:2ea093522b12ce714a3a95851a8c3dd97f620126bbe983eb261b3bf18ac945e7",
                "sha256:45b66e20633f1e083e37fa396c81761e0fc688ffa06ff5559e990e37234f9e18",
                "sha256:464f102999402a2624ee3106dbfa1f3745810036814a33e6bc706b7d312c480f",
                "sha256:55768b1f5e33594178f0b3e1596b89d831b006713a60caa09de61fd385bf22b1",
                "sha256:5732aff5c8eb3a572f7b20d09fc4c213215f9e60c0e66f2910b31eb65b457744",
                "sha256:59e0c18d557474d8452c4f8b59320fd4d9efcf52eae2144bdf317d25c64dcf85",
                "sha256:5e7f78aedec2881017026eb7f7ab79514aef09a24afd8acf5fa8c73b1cd0e9f4",
                "sha256:645da560acd20dd73a1ef220e3ddc08e108866e30a708ef2f6193e0a3725113e",
                "sha256:7488fd4e2fde3d8111971e2040cd5b008be918381afc80387d3fdf047c801293",
                "sha256:7836852d5c15444e87a2029f922b48717e6e199d2332d55e8738e92d8590987e",
                "sha256:7b4745b099d3d85307495e25ff0f265deeea675621dcecb25ba059ee68ce88d5",
                "sha256:7bed7b2761c18a515298145a4f67b6c71ce302453fe7d87ec6b7d2e77fd3c22b",
                "sha256:7d1f3eb18ddc33ba73f5cbb55c885584bcec51c421ac3551b79edc0ffeaecc3d",
                "sha256:7ea57e4e793b595cd3e037920852f2c676b4f5f1734c41985db3f48783928e2c",
                "sha256:8d0cafd2e2974c4bbe349fb67951d43d221ea304218c2ee65f9fe4c62acabc2f",
                "sha256:961845a29333119b70dd9aab54bc714bf9ba5efefc55cb4c747c35c1390b8842",
                "sha256:976c39ad771c6773d6fbd14d71e62242d5b3bca7b72428fd183e1f1085d5e858",
                "sha256:9c1542d5ae888ebc31614775938bfd13454f0d897dc2515363a4607efadc990b",
                "sha256:9fbe12d464db909f58d5e2a2485b3047a488fa1373e8f74b22d6759ee6b2437a",
                "sha256:a0ca55fba25d6c631e17933f20cf87f553d7bceec7659e3de9ef48dc85ced2bf",
                "sha256:a35e0b267d12438e6a7b28850a15d4cffe767db6fc443a406d0ead97fa1d7d5b",
                "sha256:abdb7bdb5b04c2f1bbda0eae828c627252243ddc042aea6b72af8fcc63696598",
                "sha256:b86d192d658eaf35f10efb2e1940ec755cc28e081f46de294a2e91a74ea298aa",
                "sha256:bba06607f956cc39ceee19fd11b542e8e66a43180d48fa36c4609443893c273e",
                "sha256:bc8f1871b42b705eb34b8722c3ec358fbf1b97fd37a62693564ee72648afb100",
                "sha256:bfa0326057c9b02c4e65e74e45b9914a7f8c59590a8e718e20a899a02b41f2e6",
                "sha256:c026a7cf8d954ef53cf4d0ae5ee3dd1ac66e24e9a474c5afe55467ab7d609f2e",
                "sha256:d2c176ff6727206805760f45c2151468aed843256aa239c14f4730b9e1d84fc7",
                "sha256:d3f6e3aeb598215062c505a06135fbdfa3bb4eeb249b55f87e865a86b3fd9e99",
                "sha256:d75ba9dded85c17e885a209a00eb8e248ee40762149f2f2a79360ca857467dac",
                "sha256:d7774e2a51e254ef1ba98a1ee38573c819d4ee7e396d5121c5ecae17df927501",
                "sha256:d9ba0299f624e7c8ea1eec926fc77741f82ffc5b3c3ba4f89303d33d5605f4d8",
                "sha256:da00da004830800323554e7a83f1f32a1f49345f5379476de4b5f6ae227ee962",
                "sha256:df74c72feba80014b05ab6f1e1a0bb90be9f9e7eb60a9bab1e00728f7f46d79d",
                "sha256:f2fa607d111077145e6374d49be6098f33e7cee0967b42cfc117df53eee13332"
            ],
            "markers": "python_version >= '3.7'",
            "version": "==8.19.0"
        },
        "bk7231tools": {
            "hashes": [
                "sha256:8d6f39fe4426ac0db1f68f1fb73fc36852999a30096779b7ec493f6bfeef6bc8",
                "sha256:b26a2286938bf411073961554a51dd7af81a434ab28ba73835f5b918e6514ab7"
            ],
            "markers": "python_version >= '3.7' and python_version < '4.0'",
            "version": "==1.5.7"
        },
        "blessed": {
            "hashes": [
                "sha256:0c542922586a265e699188e52d5f5ac5ec0dd517e5a1041d90d2bbf23f906058",
                "sha256:2cdd67f8746e048f00df47a2880f4d6acbcdb399031b604e34ba8f71d5787680"
            ],
            "markers": "python_version >= '2.7'",
            "version": "==1.20.0"
        },
        "certifi": {
            "hashes": [
                "sha256:0569859f95fc761b18b45ef421b1290a0f65f147e92a1e5eb3e635f9a5e4e66f",
                "sha256:dc383c07b76109f368f6106eee2b593b04a011ea4d55f652c6ca24a754d1cdd1"
            ],
            "markers": "python_version >= '3.6'",
            "version": "==2024.2.2"
        },
        "charset-normalizer": {
            "hashes": [
                "sha256:06435b539f889b1f6f4ac1758871aae42dc3a8c0e24ac9e60c2384973ad73027",
                "sha256:06a81e93cd441c56a9b65d8e1d043daeb97a3d0856d177d5c90ba85acb3db087",
                "sha256:0a55554a2fa0d408816b3b5cedf0045f4b8e1a6065aec45849de2d6f3f8e9786",
                "sha256:0b2b64d2bb6d3fb9112bafa732def486049e63de9618b5843bcdd081d8144cd8",
                "sha256:10955842570876604d404661fbccbc9c7e684caf432c09c715ec38fbae45ae09",
                "sha256:122c7fa62b130ed55f8f285bfd56d5f4b4a5b503609d181f9ad85e55c89f4185",
                "sha256:1ceae2f17a9c33cb48e3263960dc5fc8005351ee19db217e9b1bb15d28c02574",
                "sha256:1d3193f4a680c64b4b6a9115943538edb896edc190f0b222e73761716519268e",
                "sha256:1f79682fbe303db92bc2b1136016a38a42e835d932bab5b3b1bfcfbf0640e519",
                "sha256:2127566c664442652f024c837091890cb1942c30937add288223dc895793f898",
                "sha256:22afcb9f253dac0696b5a4be4a1c0f8762f8239e21b99680099abd9b2b1b2269",
                "sha256:25baf083bf6f6b341f4121c2f3c548875ee6f5339300e08be3f2b2ba1721cdd3",
                "sha256:2e81c7b9c8979ce92ed306c249d46894776a909505d8f5a4ba55b14206e3222f",
                "sha256:3287761bc4ee9e33561a7e058c72ac0938c4f57fe49a09eae428fd88aafe7bb6",
                "sha256:34d1c8da1e78d2e001f363791c98a272bb734000fcef47a491c1e3b0505657a8",
                "sha256:37e55c8e51c236f95b033f6fb391d7d7970ba5fe7ff453dad675e88cf303377a",
                "sha256:3d47fa203a7bd9c5b6cee4736ee84ca03b8ef23193c0d1ca99b5089f72645c73",
                "sha256:3e4d1f6587322d2788836a99c69062fbb091331ec940e02d12d179c1d53e25fc",
                "sha256:42cb296636fcc8b0644486d15c12376cb9fa75443e00fb25de0b8602e64c1714",
                "sha256:45485e01ff4d3630ec0d9617310448a8702f70e9c01906b0d0118bdf9d124cf2",
                "sha256:4a78b2b446bd7c934f5dcedc588903fb2f5eec172f3d29e52a9096a43722adfc",
                "sha256:4ab2fe47fae9e0f9dee8c04187ce5d09f48eabe611be8259444906793ab7cbce",
                "sha256:4d0d1650369165a14e14e1e47b372cfcb31d6ab44e6e33cb2d4e57265290044d",
                "sha256:549a3a73da901d5bc3ce8d24e0600d1fa85524c10287f6004fbab87672bf3e1e",
                "sha256:55086ee1064215781fff39a1af09518bc9255b50d6333f2e4c74ca09fac6a8f6",
                "sha256:572c3763a264ba47b3cf708a44ce965d98555f618ca42c926a9c1616d8f34269",
                "sha256:573f6eac48f4769d667c4442081b1794f52919e7edada77495aaed9236d13a96",
                "sha256:5b4c145409bef602a690e7cfad0a15a55c13320ff7a3ad7ca59c13bb8ba4d45d",
                "sha256:6463effa3186ea09411d50efc7d85360b38d5f09b870c48e4600f63af490e56a",
                "sha256:65f6f63034100ead094b8744b3b97965785388f308a64cf8d7c34f2f2e5be0c4",
                "sha256:663946639d296df6a2bb2aa51b60a2454ca1cb29835324c640dafb5ff2131a77",
                "sha256:6897af51655e3691ff853668779c7bad41579facacf5fd7253b0133308cf000d",
                "sha256:68d1f8a9e9e37c1223b656399be5d6b448dea850bed7d0f87a8311f1ff3dabb0",
                "sha256:6ac7ffc7ad6d040517be39eb591cac5ff87416c2537df6ba3cba3bae290c0fed",
                "sha256:6b3251890fff30ee142c44144871185dbe13b11bab478a88887a639655be1068",
                "sha256:6c4caeef8fa63d06bd437cd4bdcf3ffefe6738fb1b25951440d80dc7df8c03ac",
                "sha256:6ef1d82a3af9d3eecdba2321dc1b3c238245d890843e040e41e470ffa64c3e25",
                "sha256:753f10e867343b4511128c6ed8c82f7bec3bd026875576dfd88483c5c73b2fd8",
                "sha256:7cd13a2e3ddeed6913a65e66e94b51d80a041145a026c27e6bb76c31a853c6ab",
                "sha256:7ed9e526742851e8d5cc9e6cf41427dfc6068d4f5a3bb03659444b4cabf6bc26",
                "sha256:7f04c839ed0b6b98b1a7501a002144b76c18fb1c1850c8b98d458ac269e26ed2",
                "sha256:802fe99cca7457642125a8a88a084cef28ff0cf9407060f7b93dca5aa25480db",
                "sha256:80402cd6ee291dcb72644d6eac93785fe2c8b9cb30893c1af5b8fdd753b9d40f",
                "sha256:8465322196c8b4d7ab6d1e049e4c5cb460d0394da4a27d23cc242fbf0034b6b5",
                "sha256:86216b5cee4b06df986d214f664305142d9c76df9b6512be2738aa72a2048f99",
                "sha256:87d1351268731db79e0f8e745d92493ee2841c974128ef629dc518b937d9194c",
                "sha256:8bdb58ff7ba23002a4c5808d608e4e6c687175724f54a5dade5fa8c67b604e4d",
                "sha256:8c622a5fe39a48f78944a87d4fb8a53ee07344641b0562c540d840748571b811",
                "sha256:8d756e44e94489e49571086ef83b2bb8ce311e730092d2c34ca8f7d925cb20aa",
                "sha256:8f4a014bc36d3c57402e2977dada34f9c12300af536839dc38c0beab8878f38a",
                "sha256:9063e24fdb1e498ab71cb7419e24622516c4a04476b17a2dab57e8baa30d6e03",
                "sha256:90d558489962fd4918143277a773316e56c72da56ec7aa3dc3dbbe20fdfed15b",
                "sha256:923c0c831b7cfcb071580d3f46c4baf50f174be571576556269530f4bbd79d04",
                "sha256:95f2a5796329323b8f0512e09dbb7a1860c46a39da62ecb2324f116fa8fdc85c",
                "sha256:96b02a3dc4381e5494fad39be677abcb5e6634bf7b4fa83a6dd3112607547001",
                "sha256:9f96df6923e21816da7e0ad3fd47dd8f94b2a5ce594e00677c0013018b813458",
                "sha256:a10af20b82360ab00827f916a6058451b723b4e65030c5a18577c8b2de5b3389",
                "sha256:a50aebfa173e157099939b17f18600f72f84eed3049e743b68ad15bd69b6bf99",
                "sha256:a981a536974bbc7a512cf44ed14938cf01030a99e9b3a06dd59578882f06f985",
                "sha256:a9a8e9031d613fd2009c182b69c7b2c1ef8239a0efb1df3f7c8da66d5dd3d537",
                "sha256:ae5f4161f18c61806f411a13b0310bea87f987c7d2ecdbdaad0e94eb2e404238",
                "sha256:aed38f6e4fb3f5d6bf81bfa990a07806be9d83cf7bacef998ab1a9bd660a581f",
                "sha256:b01b88d45a6fcb69667cd6d2f7a9aeb4bf53760d7fc536bf679ec94fe9f3ff3d",
                "sha256:b261ccdec7821281dade748d088bb6e9b69e6d15b30652b74cbbac25e280b796",
                "sha256:b2b0a0c0517616b6869869f8c581d4eb2dd83a4d79e0ebcb7d373ef9956aeb0a",
                "sha256:b4a23f61ce87adf89be746c8a8974fe1c823c891d8f86eb218bb957c924bb143",
                "sha256:bd8f7df7d12c2db9fab40bdd87a7c09b1530128315d047a086fa3ae3435cb3a8",
                "sha256:beb58fe5cdb101e3a055192ac291b7a21e3b7ef4f67fa1d74e331a7f2124341c",
                "sha256:c002b4ffc0be611f0d9da932eb0f704fe2602a9a949d1f738e4c34c75b0863d5",
                "sha256:c083af607d2515612056a31f0a8d9e0fcb5876b7bfc0abad3ecd275bc4ebc2d5",
                "sha256:c180f51afb394e165eafe4ac2936a14bee3eb10debc9d9e4db8958fe36afe711",
                "sha256:c235ebd9baae02f1b77bcea61bce332cb4331dc3617d254df3323aa01ab47bd4",
                "sha256:cd70574b12bb8a4d2aaa0094515df2463cb429d8536cfb6c7ce983246983e5a6",
                "sha256:d0eccceffcb53201b5bfebb52600a5fb483a20b61da9dbc885f8b103cbe7598c",
                "sha256:d965bba47ddeec8cd560687584e88cf699fd28f192ceb452d1d7ee807c5597b7",
                "sha256:db364eca23f876da6f9e16c9da0df51aa4f104a972735574842618b8c6d999d4",
                "sha256:ddbb2551d7e0102e7252db79ba445cdab71b26640817ab1e3e3648dad515003b",
                "sha256:deb6be0ac38ece9ba87dea880e438f25ca3eddfac8b002a2ec3d9183a454e8ae",
                "sha256:e06ed3eb3218bc64786f7db41917d4e686cc4856944f53d5bdf83a6884432e12",
                "sha256:e27ad930a842b4c5eb8ac0016b0a54f5aebbe679340c26101df33424142c143c",
                "sha256:e537484df0d8f426ce2afb2d0f8e1c3d0b114b83f8850e5f2fbea0e797bd82ae",
                "sha256:eb00ed941194665c332bf8e078baf037d6c35d7c4f3102ea2d4f16ca94a26dc8",
                "sha256:eb6904c354526e758fda7167b33005998fb68c46fbc10e013ca97f21ca5c8887",
                "sha256:eb8821e09e916165e160797a6c17edda0679379a4be5c716c260e836e122f54b",
                "sha256:efcb3f6676480691518c177e3b465bcddf57cea040302f9f4e6e191af91174d4",
                "sha256:f27273b60488abe721a075bcca6d7f3964f9f6f067c8c4c605743023d7d3944f",
                "sha256:f30c3cb33b24454a82faecaf01b19c18562b1e89558fb6c56de4d9118a032fd5",
                "sha256:fb69256e180cb6c8a894fee62b3afebae785babc1ee98b81cdf68bbca1987f33",
                "sha256:fd1abc0d89e30cc4e02e4064dc67fcc51bd941eb395c502aac3ec19fab46b519",
                "sha256:ff8fa367d09b717b2a17a052544193ad76cd49979c805768879cb63d9ca50561"
            ],
            "markers": "python_version >= '3.7'",
            "version": "==3.3.2"
        },
        "click": {
            "hashes": [
                "sha256:ae74fb96c20a0277a1d615f1e4d73c8414f5a98db8b799a7931d1582f3390c28",
                "sha256:ca9853ad459e787e2192211578cc907e7594e294c7ccc834310722b41b9ca6de"
            ],
            "index": "pypi",
            "version": "==8.1.7"
        },
        "colorama": {
            "hashes": [
                "sha256:08695f5cb7ed6e0531a20572697297273c47b8cae5a63ffc6d6ed5c201be6e44",
                "sha256:4f1d9991f5acc0ca119f9d443620b77f9d6b33703e51011c16baf57afb285fc6"
            ],
            "markers": "python_version >= '2.7' and python_version not in '3.0, 3.1, 3.2, 3.3, 3.4, 3.5, 3.6'",
            "version": "==0.4.6"
        },
        "editor": {
            "hashes": [
                "sha256:bb6989e872638cd119db9a4fce284cd8e13c553886a1c044c6b8d8a160c871f8",
                "sha256:e818e6913f26c2a81eadef503a2741d7cca7f235d20e217274a009ecd5a74abf"
            ],
            "markers": "python_version >= '3.8'",
            "version": "==1.6.6"
        },
        "hexdump": {
            "hashes": [
                "sha256:d781a43b0c16ace3f9366aade73e8ad3a7bd5137d58f0b45ab2d3f54876f20db"
            ],
            "version": "==3.3"
        },
        "idna": {
            "hashes": [
                "sha256:9ecdbbd083b06798ae1e86adcbfe8ab1479cf864e4ee30fe4e46a003d12491ca",
                "sha256:c05567e9c24a6b9faaa835c4821bad0590fbb9d5779e7caa6e1cc4978e7eb24f"
            ],
            "markers": "python_version >= '3.5'",
            "version": "==3.6"
        },
        "importlib-metadata": {
            "hashes": [
                "sha256:4805911c3a4ec7c3966410053e9ec6a1fecd629117df5adee56dfc9432a1081e",
                "sha256:f238736bb06590ae52ac1fab06a3a9ef1d8dce2b7a35b5ab329371d6c8f5d2cc"
            ],
            "markers": "python_version >= '3.8'",
            "version": "==7.0.1"
        },
        "inquirer": {
            "hashes": [
                "sha256:0cba57d901b206dd597d8809b58c378c47fbc804a1fc9b33e2780ca2f9b43ac7",
                "sha256:68fa2cfaa652212f035f73794aa1db2e6c0a9c8cef81ab6825b45120fa8ea345"
            ],
            "index": "pypi",
            "version": "==3.2.3"
        },
        "ltchiptool": {
            "hashes": [
                "sha256:a03d5ec4a201d71c173c565bbbf237fe622b468fb52f8e3b8020b616d53d4b20",
                "sha256:ff0032bc36fac89d0767b74cb3a36fb9a2a2335c96f7147be3c44151ab1df8a5"
            ],
            "index": "pypi",
            "version": "==4.10.1"
        },
        "paho-mqtt": {
            "hashes": [
                "sha256:13b205f29251e4f2c66a6c923c31fc4fd780561e03b2d775cff8e4f2915cf947",
                "sha256:2ef745073dfc9aa68bfec30d0b9b6f0304ea75182bae85a7c77a80cefce1eff5"
            ],
            "index": "pypi",
            "version": "==2.0.0"
        },
        "prettytable": {
            "hashes": [
                "sha256:6536efaf0757fdaa7d22e78b3aac3b69ea1b7200538c2c6995d649365bddab92",
                "sha256:9665594d137fb08a1117518c25551e0ede1687197cf353a4fdc78d27e1073568"
            ],
            "markers": "python_version >= '3.8'",
            "version": "==3.10.0"
        },
        "py-datastruct": {
            "hashes": [
                "sha256:4fb426956da3758f174054266cb100fb4d43907cf741b9890800aba4d6de8498",
                "sha256:b606e6c2b83e8bb463ab42c375d01ff457cc2552b4326cd74897e7f3b96f1b6b"
            ],
            "markers": "python_version >= '3.7' and python_version < '4.0'",
            "version": "==1.0.0"
        },
        "pyaes": {
            "hashes": [
                "sha256:02c1b1405c38d3c370b085fb952dd8bea3fadcee6411ad99f312cc129c536d8f"
            ],
            "markers": "platform_machine in 'armv6l,armv7l,armv8l,armv8b,aarch64'",
            "version": "==1.6.1"
        },
        "pycryptodome": {
            "hashes": [
                "sha256:06d6de87c19f967f03b4cf9b34e538ef46e99a337e9a61a77dbe44b2cbcf0690",
                "sha256:09609209ed7de61c2b560cc5c8c4fbf892f8b15b1faf7e4cbffac97db1fffda7",
                "sha256:210ba1b647837bfc42dd5a813cdecb5b86193ae11a3f5d972b9a0ae2c7e9e4b4",
                "sha256:2a1250b7ea809f752b68e3e6f3fd946b5939a52eaeea18c73bdab53e9ba3c2dd",
                "sha256:2ab6ab0cb755154ad14e507d1df72de9897e99fd2d4922851a276ccc14f4f1a5",
                "sha256:3427d9e5310af6680678f4cce149f54e0bb4af60101c7f2c16fdf878b39ccccc",
                "sha256:3cd3ef3aee1079ae44afaeee13393cf68b1058f70576b11439483e34f93cf818",
                "sha256:405002eafad114a2f9a930f5db65feef7b53c4784495dd8758069b89baf68eab",
                "sha256:417a276aaa9cb3be91f9014e9d18d10e840a7a9b9a9be64a42f553c5b50b4d1d",
                "sha256:4401564ebf37dfde45d096974c7a159b52eeabd9969135f0426907db367a652a",
                "sha256:49a4c4dc60b78ec41d2afa392491d788c2e06edf48580fbfb0dd0f828af49d25",
                "sha256:5601c934c498cd267640b57569e73793cb9a83506f7c73a8ec57a516f5b0b091",
                "sha256:6e0e4a987d38cfc2e71b4a1b591bae4891eeabe5fa0f56154f576e26287bfdea",
                "sha256:76658f0d942051d12a9bd08ca1b6b34fd762a8ee4240984f7c06ddfb55eaf15a",
                "sha256:76cb39afede7055127e35a444c1c041d2e8d2f1f9c121ecef573757ba4cd2c3c",
                "sha256:8d6b98d0d83d21fb757a182d52940d028564efe8147baa9ce0f38d057104ae72",
                "sha256:9b3ae153c89a480a0ec402e23db8d8d84a3833b65fa4b15b81b83be9d637aab9",
                "sha256:a60fedd2b37b4cb11ccb5d0399efe26db9e0dd149016c1cc6c8161974ceac2d6",
                "sha256:ac1c7c0624a862f2e53438a15c9259d1655325fc2ec4392e66dc46cdae24d044",
                "sha256:acae12b9ede49f38eb0ef76fdec2df2e94aad85ae46ec85be3648a57f0a7db04",
                "sha256:acc2614e2e5346a4a4eab6e199203034924313626f9620b7b4b38e9ad74b7e0c",
                "sha256:acf6e43fa75aca2d33e93409f2dafe386fe051818ee79ee8a3e21de9caa2ac9e",
                "sha256:baee115a9ba6c5d2709a1e88ffe62b73ecc044852a925dcb67713a288c4ec70f",
                "sha256:c18b381553638414b38705f07d1ef0a7cf301bc78a5f9bc17a957eb19446834b",
                "sha256:d29daa681517f4bc318cd8a23af87e1f2a7bad2fe361e8aa29c77d652a065de4",
                "sha256:d5954acfe9e00bc83ed9f5cb082ed22c592fbbef86dc48b907238be64ead5c33",
                "sha256:ec0bb1188c1d13426039af8ffcb4dbe3aad1d7680c35a62d8eaf2a529b5d3d4f",
                "sha256:ec1f93feb3bb93380ab0ebf8b859e8e5678c0f010d2d78367cf6bc30bfeb148e",
                "sha256:f0e6d631bae3f231d3634f91ae4da7a960f7ff87f2865b2d2b831af1dfb04e9a",
                "sha256:f35d6cee81fa145333137009d9c8ba90951d7d77b67c79cbe5f03c7eb74d8fe2",
                "sha256:f47888542a0633baff535a04726948e876bf1ed880fddb7c10a736fa99146ab3",
                "sha256:fb3b87461fa35afa19c971b0a2b7456a7b1db7b4eba9a8424666104925b78128"
            ],
            "index": "pypi",
            "version": "==3.20.0"
        },
        "pycryptodomex": {
            "hashes": [
                "sha256:0daad007b685db36d977f9de73f61f8da2a7104e20aca3effd30752fd56f73e1",
                "sha256:108e5f1c1cd70ffce0b68739c75734437c919d2eaec8e85bffc2c8b4d2794305",
                "sha256:19764605feea0df966445d46533729b645033f134baeb3ea26ad518c9fdf212c",
                "sha256:1be97461c439a6af4fe1cf8bf6ca5936d3db252737d2f379cc6b2e394e12a458",
                "sha256:25cd61e846aaab76d5791d006497134602a9e451e954833018161befc3b5b9ed",
                "sha256:2a47bcc478741b71273b917232f521fd5704ab4b25d301669879e7273d3586cc",
                "sha256:59af01efb011b0e8b686ba7758d59cf4a8263f9ad35911bfe3f416cee4f5c08c",
                "sha256:5dcac11031a71348faaed1f403a0debd56bf5404232284cf8c761ff918886ebc",
                "sha256:62a5ec91388984909bb5398ea49ee61b68ecb579123694bffa172c3b0a107079",
                "sha256:645bd4ca6f543685d643dadf6a856cc382b654cc923460e3a10a49c1b3832aeb",
                "sha256:653b29b0819605fe0898829c8ad6400a6ccde096146730c2da54eede9b7b8baa",
                "sha256:69138068268127cd605e03438312d8f271135a33140e2742b417d027a0539427",
                "sha256:6e186342cfcc3aafaad565cbd496060e5a614b441cacc3995ef0091115c1f6c5",
                "sha256:76bd15bb65c14900d98835fcd10f59e5e0435077431d3a394b60b15864fddd64",
                "sha256:7805830e0c56d88f4d491fa5ac640dfc894c5ec570d1ece6ed1546e9df2e98d6",
                "sha256:7a710b79baddd65b806402e14766c721aee8fb83381769c27920f26476276c1e",
                "sha256:7a7a8f33a1f1fb762ede6cc9cbab8f2a9ba13b196bfaf7bc6f0b39d2ba315a43",
                "sha256:82ee7696ed8eb9a82c7037f32ba9b7c59e51dda6f105b39f043b6ef293989cb3",
                "sha256:88afd7a3af7ddddd42c2deda43d53d3dfc016c11327d0915f90ca34ebda91499",
                "sha256:8af1a451ff9e123d0d8bd5d5e60f8e3315c3a64f3cdd6bc853e26090e195cdc8",
                "sha256:8ee606964553c1a0bc74057dd8782a37d1c2bc0f01b83193b6f8bb14523b877b",
                "sha256:91852d4480a4537d169c29a9d104dda44094c78f1f5b67bca76c29a91042b623",
                "sha256:9c682436c359b5ada67e882fec34689726a09c461efd75b6ea77b2403d5665b7",
                "sha256:bc3ee1b4d97081260d92ae813a83de4d2653206967c4a0a017580f8b9548ddbc",
                "sha256:bca649483d5ed251d06daf25957f802e44e6bb6df2e8f218ae71968ff8f8edc4",
                "sha256:c39778fd0548d78917b61f03c1fa8bfda6cfcf98c767decf360945fe6f97461e",
                "sha256:cbe71b6712429650e3883dc81286edb94c328ffcd24849accac0a4dbcc76958a",
                "sha256:d00fe8596e1cc46b44bf3907354e9377aa030ec4cd04afbbf6e899fc1e2a7781",
                "sha256:d3584623e68a5064a04748fb6d76117a21a7cb5eaba20608a41c7d0c61721794",
                "sha256:e48217c7901edd95f9f097feaa0388da215ed14ce2ece803d3f300b4e694abea",
                "sha256:f2e497413560e03421484189a6b65e33fe800d3bd75590e6d78d4dfdb7accf3b",
                "sha256:ff5c9a67f8a4fba4aed887216e32cbc48f2a6fb2673bb10a99e43be463e15913"
            ],
            "index": "pypi",
            "version": "==3.20.0"
        },
        "pyserial": {
            "hashes": [
                "sha256:3c77e014170dfffbd816e6ffc205e9842efb10be9f58ec16d3e8675b4925cddb",
                "sha256:c4451db6ba391ca6ca299fb3ec7bae67a5c55dde170964c7a14ceefec02f2cf0"
            ],
            "version": "==3.5"
        },
        "readchar": {
            "hashes": [
                "sha256:08a456c2d7c1888cde3f4688b542621b676eb38cd6cfed7eb6cb2e2905ddc826",
                "sha256:76ec784a5dd2afac3b7da8003329834cdd9824294c260027f8c8d2e4d0a78f43"
            ],
            "markers": "python_version >= '3.7'",
            "version": "==4.0.5"
        },
        "requests": {
            "hashes": [
                "sha256:58cd2187c01e70e6e26505bca751777aa9f2ee0b7f4300988b709f44e013003f",
                "sha256:942c5a758f98d790eaed1a29cb6eefc7ffb0d1cf7af05c3d2791656dbd6ad1e1"
            ],
            "index": "pypi",
            "version": "==2.31.0"
        },
        "runs": {
            "hashes": [
                "sha256:0980dcbc25aba1505f307ac4f0e9e92cbd0be2a15a1e983ee86c24c87b839dfd",
                "sha256:9dc1815e2895cfb3a48317b173b9f1eac9ba5549b36a847b5cc60c3bf82ecef1"
            ],
            "markers": "python_version >= '3.8'",
            "version": "==1.2.2"
        },
        "semantic-version": {
            "hashes": [
                "sha256:bdabb6d336998cbb378d4b9db3a4b56a1e3235701dc05ea2690d9a997ed5041c",
                "sha256:de78a3b8e0feda74cabc54aab2da702113e33ac9d9eb9d2389bcf1f58b7d9177"
            ],
            "markers": "python_version >= '2.7'",
            "version": "==2.10.0"
        },
        "setuptools": {
            "hashes": [
                "sha256:850894c4195f09c4ed30dba56213bf7c3f21d86ed6bdaafb5df5972593bfc401",
                "sha256:c054629b81b946d63a9c6e732bc8b2513a7c3ea645f11d0139a2191d735c60c6"
            ],
            "markers": "python_version >= '3.8'",
            "version": "==69.1.0"
        },
        "six": {
            "hashes": [
                "sha256:1e61c37477a1626458e36f7b1d82aa5c9b094fa4802892072e49de9c60c4c926",
                "sha256:8abb2f1d86890a2dfb989f9a77cfcfd3e47c2a354b01111771326f8aa26e0254"
            ],
            "markers": "python_version >= '2.7' and python_version not in '3.0, 3.1, 3.2, 3.3'",
            "version": "==1.16.0"
        },
        "sslpsk3": {
            "hashes": [
                "sha256:2ef7b2aa6fa28da3f37bbd0cae4737d7881f2f127e87728744799ff9737e2a28",
                "sha256:5f71bf6a7b79e6af20ed2440bfe8fd6710b99f6d1dc5e72752ab5d3b90645d15",
                "sha256:7839fbfc82b4069819d9b29f4e9eab772b68c109e4cb705dc2f2ce992ce54afe",
                "sha256:8b95fc2ab8c0113f49d30a7b67c02508fb94b7db8e7d2dbc787fa7861ef48e69",
                "sha256:bf185ff3520ca03950063a2ad5a0f17965bdddc5e67963448b60e2861ddd5e8e",
                "sha256:dae5dbda3690748d055a3fb9bcc5ceacc983e4c4fd2031a352464f78a3ce2ad6"
            ],
            "index": "pypi",
            "version": "==1.1.1"
        },
        "tornado": {
            "hashes": [
                "sha256:02ccefc7d8211e5a7f9e8bc3f9e5b0ad6262ba2fbb683a6443ecc804e5224ce0",
                "sha256:10aeaa8006333433da48dec9fe417877f8bcc21f48dda8d661ae79da357b2a63",
                "sha256:27787de946a9cffd63ce5814c33f734c627a87072ec7eed71f7fc4417bb16263",
                "sha256:6f8a6c77900f5ae93d8b4ae1196472d0ccc2775cc1dfdc9e7727889145c45052",
                "sha256:71ddfc23a0e03ef2df1c1397d859868d158c8276a0603b96cf86892bff58149f",
                "sha256:72291fa6e6bc84e626589f1c29d90a5a6d593ef5ae68052ee2ef000dfd273dee",
                "sha256:88b84956273fbd73420e6d4b8d5ccbe913c65d31351b4c004ae362eba06e1f78",
                "sha256:e43bc2e5370a6a8e413e1e1cd0c91bedc5bd62a74a532371042a18ef19e10579",
                "sha256:f0251554cdd50b4b44362f73ad5ba7126fc5b2c2895cc62b14a1c2d7ea32f212",
                "sha256:f7894c581ecdcf91666a0912f18ce5e757213999e183ebfc2c3fdbf4d5bd764e",
                "sha256:fd03192e287fbd0899dd8f81c6fb9cbbc69194d2074b38f384cb6fa72b80e9c2"
            ],
            "index": "pypi",
            "version": "==6.4"
        },
        "urllib3": {
            "hashes": [
                "sha256:450b20ec296a467077128bff42b73080516e71b56ff59a60a02bef2232c4fa9d",
                "sha256:d0570876c61ab9e520d776c38acbbb5b05a776d3f9ff98a5c8fd5162a444cf19"
            ],
            "markers": "python_version >= '3.8'",
            "version": "==2.2.1"
        },
        "wcwidth": {
            "hashes": [
                "sha256:3da69048e4540d84af32131829ff948f1e022c1c6bdb8d6102117aac784f6859",
                "sha256:72ea0c06399eb286d978fdedb6923a9eb47e1c486ce63e9b4e64fc18303972b5"
            ],
            "version": "==0.2.13"
        },
        "xmod": {
            "hashes": [
                "sha256:38c76486b9d672c546d57d8035df0beb7f4a9b088bc3fb2de5431ae821444377",
                "sha256:a24e9458a4853489042522bdca9e50ee2eac5ab75c809a91150a8a7f40670d48"
            ],
            "markers": "python_version >= '3.8'",
            "version": "==1.8.1"
        },
        "xmodem": {
            "hashes": [
                "sha256:0842d2266175f01225053db721ea952b3f4b239cb3ace83c32b1daf90aa413af",
                "sha256:2f1068aa8676f0d1d112498b5786c4f8ea4f89d8f25d07d3a0f293cd21db1c35",
                "sha256:e6a2c7608f7b187da786c47780f8407dbc4ac2d3dfeb34fe683cc19778f01360"
            ],
            "version": "==0.4.7"
        },
        "zipp": {
            "hashes": [
                "sha256:0e923e726174922dce09c53c59ad483ff7bbb8e572e00c7f7c46b88556409f31",
                "sha256:84e64a1c28cf7e91ed2078bb8cc8c259cb19b76942096c8d7b84947690cabaf0"
            ],
            "markers": "python_version >= '3.8'",
            "version": "==3.17.0"
        }
    },
    "develop": {
        "autopep8": {
            "hashes": [
                "sha256:067959ca4a07b24dbd5345efa8325f5f58da4298dab0dde0443d5ed765de80cb",
                "sha256:2913064abd97b3419d1cc83ea71f042cb821f87e45b9c88cad5ad3c4ea87fe0c"
            ],
            "index": "pypi",
            "version": "==2.0.4"
        },
        "pycodestyle": {
            "hashes": [
                "sha256:41ba0e7afc9752dfb53ced5489e89f8186be00e599e712660695b7a75ff2663f",
                "sha256:44fe31000b2d866f2e41841b18528a505fbd7fef9017b04eff4e2648a0fadc67"
            ],
            "markers": "python_version >= '3.8'",
            "version": "==2.11.1"
        },
        "tomli": {
            "hashes": [
                "sha256:939de3e7a6161af0c887ef91b7d41a53e7c5a1ca976325f429cb46ea9bc30ecc",
                "sha256:de526c12914f0c550d15924c62d72abc48d6fe7364aa87328337a31007fe8a4f"
            ],
            "markers": "python_version < '3.11'",
            "version": "==2.0.1"
        }
    }
}
